
Microsoft Visual Studio Solution File, Format Version 12.00
# Visual Studio 15
VisualStudioVersion = 15.0.28307.106
MinimumVisualStudioVersion = 10.0.40219.1
Project("{FAE04EC0-301F-11D3-BF4B-00C04F79EFBC}") = "CMakeConfigure", "CMakeConfigure\CMakeConfigure.csproj", "{CC4B093D-04E8-4A24-8D9B-40533F0D397B}"
EndProject
Global
	GlobalSection(SolutionConfigurationPlatforms) = preSolution
		Debug|Any CPU = Debug|Any CPU
		Release|Any CPU = Release|Any CPU
	EndGlobalSection
	GlobalSection(ProjectConfigurationPlatforms) = postSolution
		{CC4B093D-04E8-4A24-8D9B-40533F0D397B}.Debug|Any CPU.ActiveCfg = Debug|Any CPU
		{CC4B093D-04E8-4A24-8D9B-40533F0D397B}.Debug|Any CPU.Build.0 = Debug|Any CPU
		{CC4B093D-04E8-4A24-8D9B-40533F0D397B}.Release|Any CPU.ActiveCfg = Release|Any CPU
		{CC4B093D-04E8-4A24-8D9B-40533F0D397B}.Release|Any CPU.Build.0 = Release|Any CPU
	EndGlobalSection
	GlobalSection(SolutionProperties) = preSolution
		HideSolutionNode = FALSE
	EndGlobalSection
	GlobalSection(ExtensibilityGlobals) = postSolution
		SolutionGuid = {072B3E50-2F24-48FB-9531-C05C782F9B3A}
	EndGlobalSection
EndGlobal
